
Microsoft Visual Studio Solution File, Format Version 12.00
# Visual Studio Version 17
VisualStudioVersion = 17.3.32819.101
MinimumVisualStudioVersion = 10.0.40219.1
Project("{FAE04EC0-301F-11D3-BF4B-00C04F79EFBC}") = "Latian1", "Latian1\Latian1.csproj", "{D67A9179-4CAF-4D98-9580-79B6BAF548D2}"
EndProject
Global
	GlobalSection(SolutionConfigurationPlatforms) = preSolution
		Debug|Any CPU = Debug|Any CPU
		Release|Any CPU = Release|Any CPU
	EndGlobalSection
	GlobalSection(ProjectConfigurationPlatforms) = postSolution
		{D67A9179-4CAF-4D98-9580-79B6BAF548D2}.Debug|Any CPU.ActiveCfg = Debug|Any CPU
		{D67A9179-4CAF-4D98-9580-79B6BAF548D2}.Debug|Any CPU.Build.0 = Debug|Any CPU
		{D67A9179-4CAF-4D98-9580-79B6BAF548D2}.Release|Any CPU.ActiveCfg = Release|Any CPU
		{D67A9179-4CAF-4D98-9580-79B6BAF548D2}.Release|Any CPU.Build.0 = Release|Any CPU
	EndGlobalSection
	GlobalSection(SolutionProperties) = preSolution
		HideSolutionNode = FALSE
	EndGlobalSection
	GlobalSection(ExtensibilityGlobals) = postSolution
		SolutionGuid = {E9D33969-59DC-4694-8B39-99C2CBB87D95}
	EndGlobalSection
EndGlobal
